
Microsoft Visual Studio Solution File, Format Version 12.00
# Visual Studio Version 17
VisualStudioVersion = 17.14.36414.22
MinimumVisualStudioVersion = 10.0.40219.1
Project("{FAE04EC0-301F-11D3-BF4B-00C04F79EFBC}") = "Ranensol.BepInEx.Aska.CraftBlueprints", "Ranensol.BepInEx.Aska.CraftBlueprints\Ranensol.BepInEx.Aska.CraftBlueprints.csproj", "{BBDBC659-5217-455D-B028-A03C091112E9}"
EndProject
Global
	GlobalSection(SolutionConfigurationPlatforms) = preSolution
		Debug|Any CPU = Debug|Any CPU
		Release|Any CPU = Release|Any CPU
	EndGlobalSection
	GlobalSection(ProjectConfigurationPlatforms) = postSolution
		{BBDBC659-5217-455D-B028-A03C091112E9}.Debug|Any CPU.ActiveCfg = Debug|Any CPU
		{BBDBC659-5217-455D-B028-A03C091112E9}.Debug|Any CPU.Build.0 = Debug|Any CPU
		{BBDBC659-5217-455D-B028-A03C091112E9}.Release|Any CPU.ActiveCfg = Release|Any CPU
		{BBDBC659-5217-455D-B028-A03C091112E9}.Release|Any CPU.Build.0 = Release|Any CPU
	EndGlobalSection
	GlobalSection(SolutionProperties) = preSolution
		HideSolutionNode = FALSE
	EndGlobalSection
	GlobalSection(ExtensibilityGlobals) = postSolution
		SolutionGuid = {7F641108-B593-48DE-8F3C-AEE412AE3EAA}
	EndGlobalSection
EndGlobal
